
Microsoft Visual Studio Solution File, Format Version 12.00
# Visual Studio 15
VisualStudioVersion = 15.0.27004.2008
MinimumVisualStudioVersion = 10.0.40219.1
Project("{FAE04EC0-301F-11D3-BF4B-00C04F79EFBC}") = "WpfApp1", "WpfApp1\WpfApp1.csproj", "{D3F28540-13D8-4BD8-AF38-D1312C2232FB}"
EndProject
Project("{FAE04EC0-301F-11D3-BF4B-00C04F79EFBC}") = "NeuralNetwork", "NeuralNetwork\NeuralNetwork.csproj", "{C54E2838-3719-48C4-802A-B7CF5D3EDE0A}"
EndProject
Project("{FAE04EC0-301F-11D3-BF4B-00C04F79EFBC}") = "Neat", "Neat\Neat.csproj", "{D748E370-698E-473D-B8D1-EEECBB6FB0EE}"
EndProject
Project("{FAE04EC0-301F-11D3-BF4B-00C04F79EFBC}") = "ConsoleApp1", "ConsoleApp1\ConsoleApp1.csproj", "{828C7419-B22D-4B4C-84D9-24E3B6FE0E82}"
EndProject
Global
	GlobalSection(SolutionConfigurationPlatforms) = preSolution
		Debug|Any CPU = Debug|Any CPU
		Release|Any CPU = Release|Any CPU
	EndGlobalSection
	GlobalSection(ProjectConfigurationPlatforms) = postSolution
		{D3F28540-13D8-4BD8-AF38-D1312C2232FB}.Debug|Any CPU.ActiveCfg = Debug|Any CPU
		{D3F28540-13D8-4BD8-AF38-D1312C2232FB}.Debug|Any CPU.Build.0 = Debug|Any CPU
		{D3F28540-13D8-4BD8-AF38-D1312C2232FB}.Release|Any CPU.ActiveCfg = Release|Any CPU
		{D3F28540-13D8-4BD8-AF38-D1312C2232FB}.Release|Any CPU.Build.0 = Release|Any CPU
		{C54E2838-3719-48C4-802A-B7CF5D3EDE0A}.Debug|Any CPU.ActiveCfg = Debug|Any CPU
		{C54E2838-3719-48C4-802A-B7CF5D3EDE0A}.Debug|Any CPU.Build.0 = Debug|Any CPU
		{C54E2838-3719-48C4-802A-B7CF5D3EDE0A}.Release|Any CPU.ActiveCfg = Release|Any CPU
		{C54E2838-3719-48C4-802A-B7CF5D3EDE0A}.Release|Any CPU.Build.0 = Release|Any CPU
		{D748E370-698E-473D-B8D1-EEECBB6FB0EE}.Debug|Any CPU.ActiveCfg = Debug|Any CPU
		{D748E370-698E-473D-B8D1-EEECBB6FB0EE}.Debug|Any CPU.Build.0 = Debug|Any CPU
		{D748E370-698E-473D-B8D1-EEECBB6FB0EE}.Release|Any CPU.ActiveCfg = Release|Any CPU
		{D748E370-698E-473D-B8D1-EEECBB6FB0EE}.Release|Any CPU.Build.0 = Release|Any CPU
		{828C7419-B22D-4B4C-84D9-24E3B6FE0E82}.Debug|Any CPU.ActiveCfg = Debug|Any CPU
		{828C7419-B22D-4B4C-84D9-24E3B6FE0E82}.Debug|Any CPU.Build.0 = Debug|Any CPU
		{828C7419-B22D-4B4C-84D9-24E3B6FE0E82}.Release|Any CPU.ActiveCfg = Release|Any CPU
		{828C7419-B22D-4B4C-84D9-24E3B6FE0E82}.Release|Any CPU.Build.0 = Release|Any CPU
	EndGlobalSection
	GlobalSection(SolutionProperties) = preSolution
		HideSolutionNode = FALSE
	EndGlobalSection
	GlobalSection(ExtensibilityGlobals) = postSolution
		SolutionGuid = {DB244E3D-D239-4FEA-9C89-C6EE86B2FD0D}
	EndGlobalSection
EndGlobal
